
Microsoft Visual Studio Solution File, Format Version 12.00
# Visual Studio Version 16
VisualStudioVersion = 16.0.29806.167
MinimumVisualStudioVersion = 10.0.40219.1
Project("{FAE04EC0-301F-11D3-BF4B-00C04F79EFBC}") = "Compressor", "Compressor.csproj", "{20339D8B-C169-4CF0-8991-8CB347B357D0}"
EndProject
Project("{9A19103F-16F7-4668-BE54-9A1E7A4F7556}") = "CompressorWithHashes", "..\CompressorWithHashes\CompressorWithHashes.csproj", "{3FD3F8D2-5BCB-4226-AD67-BD767799BD7D}"
EndProject
Global
	GlobalSection(SolutionConfigurationPlatforms) = preSolution
		Debug|Any CPU = Debug|Any CPU
		Release|Any CPU = Release|Any CPU
	EndGlobalSection
	GlobalSection(ProjectConfigurationPlatforms) = postSolution
		{20339D8B-C169-4CF0-8991-8CB347B357D0}.Debug|Any CPU.ActiveCfg = Debug|Any CPU
		{20339D8B-C169-4CF0-8991-8CB347B357D0}.Debug|Any CPU.Build.0 = Debug|Any CPU
		{20339D8B-C169-4CF0-8991-8CB347B357D0}.Release|Any CPU.ActiveCfg = Release|Any CPU
		{20339D8B-C169-4CF0-8991-8CB347B357D0}.Release|Any CPU.Build.0 = Release|Any CPU
		{3FD3F8D2-5BCB-4226-AD67-BD767799BD7D}.Debug|Any CPU.ActiveCfg = Debug|Any CPU
		{3FD3F8D2-5BCB-4226-AD67-BD767799BD7D}.Debug|Any CPU.Build.0 = Debug|Any CPU
		{3FD3F8D2-5BCB-4226-AD67-BD767799BD7D}.Release|Any CPU.ActiveCfg = Release|Any CPU
		{3FD3F8D2-5BCB-4226-AD67-BD767799BD7D}.Release|Any CPU.Build.0 = Release|Any CPU
	EndGlobalSection
	GlobalSection(SolutionProperties) = preSolution
		HideSolutionNode = FALSE
	EndGlobalSection
	GlobalSection(ExtensibilityGlobals) = postSolution
		SolutionGuid = {B04F6461-7EE6-4B1D-B5AC-A54BAD99BCA1}
	EndGlobalSection
EndGlobal
